
Microsoft Visual Studio Solution File, Format Version 12.00
# Visual Studio Version 16
VisualStudioVersion = 16.0.31515.178
MinimumVisualStudioVersion = 10.0.40219.1
Project("{2150E333-8FDC-42A3-9474-1A3956D46DE8}") = "Src", "Src", "{A78FF83E-09E0-48A1-9EFB-E17046E1C8AF}"
EndProject
Project("{2150E333-8FDC-42A3-9474-1A3956D46DE8}") = "Presentation", "Presentation", "{84448349-A0EA-42C6-B693-68427343E1B2}"
EndProject
Project("{9A19103F-16F7-4668-BE54-9A1E7A4F7556}") = "Absher.WebAPI", "Src\Presentation\Absher.WebAPI\Absher.WebAPI.csproj", "{E51F10B9-1B36-4927-A9F1-EDF985FC9250}"
EndProject
Project("{2150E333-8FDC-42A3-9474-1A3956D46DE8}") = "Infrastructure", "Infrastructure", "{09682DB9-4BC7-4A53-9FAB-EF5A4735264D}"
EndProject
Project("{9A19103F-16F7-4668-BE54-9A1E7A4F7556}") = "Absher.Persistence", "Src\Infrastructure\Absher.Persistence\Absher.Persistence.csproj", "{6CB7FD55-24D4-45E5-8659-A92965B1E480}"
EndProject
Project("{2150E333-8FDC-42A3-9474-1A3956D46DE8}") = "Core", "Core", "{E4EAAC28-A7DF-4F36-973C-748CAE9BD116}"
EndProject
Project("{9A19103F-16F7-4668-BE54-9A1E7A4F7556}") = "Absher.Application", "Src\Core\Absher.Application\Absher.Application.csproj", "{2920CC3F-DF4D-4177-8629-778854053071}"
EndProject
Project("{9A19103F-16F7-4668-BE54-9A1E7A4F7556}") = "Absher.Domain", "Src\Core\Absher.Domain\Absher.Domain.csproj", "{2F4AB0E7-D2DF-410B-A981-53BA6B5D7255}"
EndProject
Project("{9A19103F-16F7-4668-BE54-9A1E7A4F7556}") = "Absher.BackgroundService", "Src\Infrastructure\Absher.BackgroundService\Absher.BackgroundService.csproj", "{38CC7048-149A-4924-BA71-FE78263BB891}"
EndProject
Project("{9A19103F-16F7-4668-BE54-9A1E7A4F7556}") = "Absher.Utility", "Src\Core\Absher.Utility\Absher.Utility.csproj", "{3F5D8DDD-DAC1-4DBB-BBBB-52DBAF3B2125}"
EndProject
Project("{9A19103F-16F7-4668-BE54-9A1E7A4F7556}") = "Absher.Interfaces", "Src\Core\Absher.Interfaces\Absher.Interfaces.csproj", "{552851E1-B6FA-4237-A47A-05EB5547D0C7}"
EndProject
Project("{FAE04EC0-301F-11D3-BF4B-00C04F79EFBC}") = "Absher.Resource", "Src\Core\Absher.Resource\Absher.Resource.csproj", "{A631FF3E-F08C-47B2-BBBD-19A56784B3BB}"
EndProject
Global
	GlobalSection(SolutionConfigurationPlatforms) = preSolution
		Debug|Any CPU = Debug|Any CPU
		Release|Any CPU = Release|Any CPU
	EndGlobalSection
	GlobalSection(ProjectConfigurationPlatforms) = postSolution
		{E51F10B9-1B36-4927-A9F1-EDF985FC9250}.Debug|Any CPU.ActiveCfg = Debug|Any CPU
		{E51F10B9-1B36-4927-A9F1-EDF985FC9250}.Debug|Any CPU.Build.0 = Debug|Any CPU
		{E51F10B9-1B36-4927-A9F1-EDF985FC9250}.Release|Any CPU.ActiveCfg = Release|Any CPU
		{E51F10B9-1B36-4927-A9F1-EDF985FC9250}.Release|Any CPU.Build.0 = Release|Any CPU
		{6CB7FD55-24D4-45E5-8659-A92965B1E480}.Debug|Any CPU.ActiveCfg = Debug|Any CPU
		{6CB7FD55-24D4-45E5-8659-A92965B1E480}.Debug|Any CPU.Build.0 = Debug|Any CPU
		{6CB7FD55-24D4-45E5-8659-A92965B1E480}.Release|Any CPU.ActiveCfg = Release|Any CPU
		{6CB7FD55-24D4-45E5-8659-A92965B1E480}.Release|Any CPU.Build.0 = Release|Any CPU
		{2920CC3F-DF4D-4177-8629-778854053071}.Debug|Any CPU.ActiveCfg = Debug|Any CPU
		{2920CC3F-DF4D-4177-8629-778854053071}.Debug|Any CPU.Build.0 = Debug|Any CPU
		{2920CC3F-DF4D-4177-8629-778854053071}.Release|Any CPU.ActiveCfg = Release|Any CPU
		{2920CC3F-DF4D-4177-8629-778854053071}.Release|Any CPU.Build.0 = Release|Any CPU
		{2F4AB0E7-D2DF-410B-A981-53BA6B5D7255}.Debug|Any CPU.ActiveCfg = Debug|Any CPU
		{2F4AB0E7-D2DF-410B-A981-53BA6B5D7255}.Debug|Any CPU.Build.0 = Debug|Any CPU
		{2F4AB0E7-D2DF-410B-A981-53BA6B5D7255}.Release|Any CPU.ActiveCfg = Release|Any CPU
		{2F4AB0E7-D2DF-410B-A981-53BA6B5D7255}.Release|Any CPU.Build.0 = Release|Any CPU
		{38CC7048-149A-4924-BA71-FE78263BB891}.Debug|Any CPU.ActiveCfg = Debug|Any CPU
		{38CC7048-149A-4924-BA71-FE78263BB891}.Debug|Any CPU.Build.0 = Debug|Any CPU
		{38CC7048-149A-4924-BA71-FE78263BB891}.Release|Any CPU.ActiveCfg = Release|Any CPU
		{38CC7048-149A-4924-BA71-FE78263BB891}.Release|Any CPU.Build.0 = Release|Any CPU
		{3F5D8DDD-DAC1-4DBB-BBBB-52DBAF3B2125}.Debug|Any CPU.ActiveCfg = Debug|Any CPU
		{3F5D8DDD-DAC1-4DBB-BBBB-52DBAF3B2125}.Debug|Any CPU.Build.0 = Debug|Any CPU
		{3F5D8DDD-DAC1-4DBB-BBBB-52DBAF3B2125}.Release|Any CPU.ActiveCfg = Release|Any CPU
		{3F5D8DDD-DAC1-4DBB-BBBB-52DBAF3B2125}.Release|Any CPU.Build.0 = Release|Any CPU
		{552851E1-B6FA-4237-A47A-05EB5547D0C7}.Debug|Any CPU.ActiveCfg = Debug|Any CPU
		{552851E1-B6FA-4237-A47A-05EB5547D0C7}.Debug|Any CPU.Build.0 = Debug|Any CPU
		{552851E1-B6FA-4237-A47A-05EB5547D0C7}.Release|Any CPU.ActiveCfg = Release|Any CPU
		{552851E1-B6FA-4237-A47A-05EB5547D0C7}.Release|Any CPU.Build.0 = Release|Any CPU
		{A631FF3E-F08C-47B2-BBBD-19A56784B3BB}.Debug|Any CPU.ActiveCfg = Debug|Any CPU
		{A631FF3E-F08C-47B2-BBBD-19A56784B3BB}.Debug|Any CPU.Build.0 = Debug|Any CPU
		{A631FF3E-F08C-47B2-BBBD-19A56784B3BB}.Release|Any CPU.ActiveCfg = Release|Any CPU
		{A631FF3E-F08C-47B2-BBBD-19A56784B3BB}.Release|Any CPU.Build.0 = Release|Any CPU
	EndGlobalSection
	GlobalSection(SolutionProperties) = preSolution
		HideSolutionNode = FALSE
	EndGlobalSection
	GlobalSection(NestedProjects) = preSolution
		{84448349-A0EA-42C6-B693-68427343E1B2} = {A78FF83E-09E0-48A1-9EFB-E17046E1C8AF}
		{E51F10B9-1B36-4927-A9F1-EDF985FC9250} = {84448349-A0EA-42C6-B693-68427343E1B2}
		{09682DB9-4BC7-4A53-9FAB-EF5A4735264D} = {A78FF83E-09E0-48A1-9EFB-E17046E1C8AF}
		{6CB7FD55-24D4-45E5-8659-A92965B1E480} = {09682DB9-4BC7-4A53-9FAB-EF5A4735264D}
		{E4EAAC28-A7DF-4F36-973C-748CAE9BD116} = {A78FF83E-09E0-48A1-9EFB-E17046E1C8AF}
		{2920CC3F-DF4D-4177-8629-778854053071} = {E4EAAC28-A7DF-4F36-973C-748CAE9BD116}
		{2F4AB0E7-D2DF-410B-A981-53BA6B5D7255} = {E4EAAC28-A7DF-4F36-973C-748CAE9BD116}
		{38CC7048-149A-4924-BA71-FE78263BB891} = {09682DB9-4BC7-4A53-9FAB-EF5A4735264D}
		{3F5D8DDD-DAC1-4DBB-BBBB-52DBAF3B2125} = {E4EAAC28-A7DF-4F36-973C-748CAE9BD116}
		{552851E1-B6FA-4237-A47A-05EB5547D0C7} = {E4EAAC28-A7DF-4F36-973C-748CAE9BD116}
		{A631FF3E-F08C-47B2-BBBD-19A56784B3BB} = {E4EAAC28-A7DF-4F36-973C-748CAE9BD116}
	EndGlobalSection
	GlobalSection(ExtensibilityGlobals) = postSolution
		SolutionGuid = {C19950A4-FDCA-4EFB-853A-B8F22EB94944}
	EndGlobalSection
EndGlobal
